{
  "pins" : [
    {
      "identity" : "stylobate",
      "kind" : "remoteSourceControl",
      "location" : "https://github.com/jrtibbetts/Stylobate",
      "state" : {
        "revision" : "c4cdcf9a084a4d6910c9ed44babc089fcb9c5bb4",
        "version" : "0.33.2"
      }
    },
    {
      "identity" : "swift-html-parser",
      "kind" : "remoteSourceControl",
      "location" : "https://github.com/rnantes/swift-html-parser.git",
      "state" : {
        "branch" : "master",
        "revision" : "4b677b55a89a2d7124a5d610589a25fe6d567cb7"
      }
    }
  ],
  "version" : 2
}
